version = 1
revision = 3
requires-python = ">=3.13"

[[package]]
name = "annotated-types"
version = "0.7.0"
source = { registry = "http://devpi.wrkst.home.arpa/root/dev/" }
sdist = { url = "http://devpi.wrkst.home.arpa/root/pypi/+f/aff/07c09a53a08bc/annotated_types-0.7.0.tar.gz", hash = "sha256:aff07c09a53a08bc8cfccb9c85b05f1aa9a2a6f23728d790723543408344ce89" }
wheels = [
    { url = "http://devpi.wrkst.home.arpa/root/pypi/+f/1f0/2e8b43a8fbbc3/annotated_types-0.7.0-py3-none-any.whl", hash = "sha256:1f02e8b43a8fbbc3f3e0d4f0f4bfc8131bcb4eebe8849b8e5c773f3a1c582a53" },
]

[[package]]
name = "anyio"
version = "4.11.0"
source = { registry = "http://devpi.wrkst.home.arpa/root/dev/" }
dependencies = [
    { name = "idna" },
    { name = "sniffio" },
]
sdist = { url = "http://devpi.wrkst.home.arpa/root/pypi/+f/82a/8d0b81e318cc5/anyio-4.11.0.tar.gz", hash = "sha256:82a8d0b81e318cc5ce71a5f1f8b5c4e63619620b63141ef8c995fa0db95a57c4" }
wheels = [
    { url = "http://devpi.wrkst.home.arpa/root/pypi/+f/028/7e96f4d26d414/anyio-4.11.0-py3-none-any.whl", hash = "sha256:0287e96f4d26d4149305414d4e3bc32f0dcd0862365a4bddea19d7a1ec38c4fc" },
]

[[package]]
name = "certifi"
version = "2025.11.12"
source = { registry = "http://devpi.wrkst.home.arpa/root/dev/" }
sdist = { url = "http://devpi.wrkst.home.arpa/root/pypi/+f/d8a/b5478f2ecd78a/certifi-2025.11.12.tar.gz", hash = "sha256:d8ab5478f2ecd78af242878415affce761ca6bc54a22a27e026d7c25357c3316" }
wheels = [
    { url = "http://devpi.wrkst.home.arpa/root/pypi/+f/97d/e8790030bbd5c/certifi-2025.11.12-py3-none-any.whl", hash = "sha256:97de8790030bbd5c2d96b7ec782fc2f7820ef8dba6db909ccf95449f2d062d4b" },
]

[[package]]
name = "cfgv"
version = "3.5.0"
source = { registry = "http://devpi.wrkst.home.arpa/root/dev/" }
sdist = { url = "http://devpi.wrkst.home.arpa/root/pypi/+f/d5b/1034354820651/cfgv-3.5.0.tar.gz", hash = "sha256:d5b1034354820651caa73ede66a6294d6e95c1b00acc5e9b098e917404669132" }
wheels = [
    { url = "http://devpi.wrkst.home.arpa/root/pypi/+f/a8d/c6b26ad22ff22/cfgv-3.5.0-py2.py3-none-any.whl", hash = "sha256:a8dc6b26ad22ff227d2634a65cb388215ce6cc96bbcc5cfde7641ae87e8dacc0" },
]

[[package]]
name = "click"
version = "8.3.1"
source = { registry = "http://devpi.wrkst.home.arpa/root/dev/" }
dependencies = [
    { name = "colorama", marker = "sys_platform == 'win32'" },
]
sdist = { url = "http://devpi.wrkst.home.arpa/root/pypi/+f/12f/f4785d337a1bb/click-8.3.1.tar.gz", hash = "sha256:12ff4785d337a1bb490bb7e9c2b1ee5da3112e94a8622f26a6c77f5d2fc6842a" }
wheels = [
    { url = "http://devpi.wrkst.home.arpa/root/pypi/+f/981/153a64e25f12d/click-8.3.1-py3-none-any.whl", hash = "sha256:981153a64e25f12d547d3426c367a4857371575ee7ad18df2a6183ab0545b2a6" },
]

[[package]]
name = "colorama"
version = "0.4.6"
source = { registry = "http://devpi.wrkst.home.arpa/root/dev/" }
sdist = { url = "http://devpi.wrkst.home.arpa/root/pypi/+f/086/95f5cb7ed6e05/colorama-0.4.6.tar.gz", hash = "sha256:08695f5cb7ed6e0531a20572697297273c47b8cae5a63ffc6d6ed5c201be6e44" }
wheels = [
    { url = "http://devpi.wrkst.home.arpa/root/pypi/+f/4f1/d9991f5acc0ca/colorama-0.4.6-py2.py3-none-any.whl", hash = "sha256:4f1d9991f5acc0ca119f9d443620b77f9d6b33703e51011c16baf57afb285fc6" },
]

[[package]]
name = "distlib"
version = "0.4.0"
source = { registry = "http://devpi.wrkst.home.arpa/root/dev/" }
sdist = { url = "http://devpi.wrkst.home.arpa/root/pypi/+f/fee/c40075be03a04/distlib-0.4.0.tar.gz", hash = "sha256:feec40075be03a04501a973d81f633735b4b69f98b05450592310c0f401a4e0d" }
wheels = [
    { url = "http://devpi.wrkst.home.arpa/root/pypi/+f/965/9f7d87e46584a/distlib-0.4.0-py2.py3-none-any.whl", hash = "sha256:9659f7d87e46584a30b5780e43ac7a2143098441670ff0a49d5f9034c54a6c16" },
]

[[package]]
name = "extip"
version = "0.9.5"
source = { editable = "." }
dependencies = [
    { name = "click" },
    { name = "httpx" },
    { name = "loguru" },
    { name = "py-template-engine" },
    { name = "pydantic" },
    { name = "pydantic-settings" },
]

[package.dev-dependencies]
dev = [
    { name = "pre-commit" },
    { name = "ruff" },
]
test = [
    { name = "pytest" },
    { name = "pytest-asyncio" },
]

[package.metadata]
requires-dist = [
    { name = "click", specifier = ">=8.3.1" },
    { name = "httpx", specifier = ">=0.28.1" },
    { name = "loguru", specifier = ">=0.7.3" },
    { name = "py-template-engine", specifier = ">=0.2.6" },
    { name = "pydantic", specifier = ">=2.12.4" },
    { name = "pydantic-settings", specifier = ">=2.12.0" },
]

[package.metadata.requires-dev]
dev = [
    { name = "pre-commit", specifier = ">=4.4.0" },
    { name = "ruff", specifier = ">=0.14.5" },
]
test = [
    { name = "pytest", specifier = ">=9.0.1" },
    { name = "pytest-asyncio", specifier = ">=1.3.0" },
]

[[package]]
name = "filelock"
version = "3.20.0"
source = { registry = "http://devpi.wrkst.home.arpa/root/dev/" }
sdist = { url = "http://devpi.wrkst.home.arpa/root/pypi/+f/711/e943b4ec6be42/filelock-3.20.0.tar.gz", hash = "sha256:711e943b4ec6be42e1d4e6690b48dc175c822967466bb31c0c293f34334c13f4" }
wheels = [
    { url = "http://devpi.wrkst.home.arpa/root/pypi/+f/339/b4732ffda5cd7/filelock-3.20.0-py3-none-any.whl", hash = "sha256:339b4732ffda5cd79b13f4e2711a31b0365ce445d95d243bb996273d072546a2" },
]

[[package]]
name = "h11"
version = "0.16.0"
source = { registry = "http://devpi.wrkst.home.arpa/root/dev/" }
sdist = { url = "http://devpi.wrkst.home.arpa/root/pypi/+f/4e3/5b956cf45792e/h11-0.16.0.tar.gz", hash = "sha256:4e35b956cf45792e4caa5885e69fba00bdbc6ffafbfa020300e549b208ee5ff1" }
wheels = [
    { url = "http://devpi.wrkst.home.arpa/root/pypi/+f/63c/f8bbe7522de3b/h11-0.16.0-py3-none-any.whl", hash = "sha256:63cf8bbe7522de3bf65932fda1d9c2772064ffb3dae62d55932da54b31cb6c86" },
]

[[package]]
name = "httpcore"
version = "1.0.9"
source = { registry = "http://devpi.wrkst.home.arpa/root/dev/" }
dependencies = [
    { name = "certifi" },
    { name = "h11" },
]
sdist = { url = "http://devpi.wrkst.home.arpa/root/pypi/+f/6e3/4463af53fd2ab/httpcore-1.0.9.tar.gz", hash = "sha256:6e34463af53fd2ab5d807f399a9b45ea31c3dfa2276f15a2c3f00afff6e176e8" }
wheels = [
    { url = "http://devpi.wrkst.home.arpa/root/pypi/+f/2d4/00746a40668fc/httpcore-1.0.9-py3-none-any.whl", hash = "sha256:2d400746a40668fc9dec9810239072b40b4484b640a8c38fd654a024c7a1bf55" },
]

[[package]]
name = "httpx"
version = "0.28.1"
source = { registry = "http://devpi.wrkst.home.arpa/root/dev/" }
dependencies = [
    { name = "anyio" },
    { name = "certifi" },
    { name = "httpcore" },
    { name = "idna" },
]
sdist = { url = "http://devpi.wrkst.home.arpa/root/pypi/+f/75e/98c5f16b0f35b/httpx-0.28.1.tar.gz", hash = "sha256:75e98c5f16b0f35b567856f597f06ff2270a374470a5c2392242528e3e3e42fc" }
wheels = [
    { url = "http://devpi.wrkst.home.arpa/root/pypi/+f/d90/9fcccc110f8c7/httpx-0.28.1-py3-none-any.whl", hash = "sha256:d909fcccc110f8c7faf814ca82a9a4d816bc5a6dbfea25d6591d6985b8ba59ad" },
]

[[package]]
name = "identify"
version = "2.6.15"
source = { registry = "http://devpi.wrkst.home.arpa/root/dev/" }
sdist = { url = "http://devpi.wrkst.home.arpa/root/pypi/+f/e4f/4864b96c6557e/identify-2.6.15.tar.gz", hash = "sha256:e4f4864b96c6557ef2a1e1c951771838f4edc9df3a72ec7118b338801b11c7bf" }
wheels = [
    { url = "http://devpi.wrkst.home.arpa/root/pypi/+f/118/1ef7608e00704/identify-2.6.15-py2.py3-none-any.whl", hash = "sha256:1181ef7608e00704db228516541eb83a88a9f94433a8c80bb9b5bd54b1d81757" },
]

[[package]]
name = "idna"
version = "3.11"
source = { registry = "http://devpi.wrkst.home.arpa/root/dev/" }
sdist = { url = "http://devpi.wrkst.home.arpa/root/pypi/+f/795/dafcc9c04ed0c/idna-3.11.tar.gz", hash = "sha256:795dafcc9c04ed0c1fb032c2aa73654d8e8c5023a7df64a53f39190ada629902" }
wheels = [
    { url = "http://devpi.wrkst.home.arpa/root/pypi/+f/771/a87f49d9defaf/idna-3.11-py3-none-any.whl", hash = "sha256:771a87f49d9defaf64091e6e6fe9c18d4833f140bd19464795bc32d966ca37ea" },
]

[[package]]
name = "iniconfig"
version = "2.3.0"
source = { registry = "http://devpi.wrkst.home.arpa/root/dev/" }
sdist = { url = "http://devpi.wrkst.home.arpa/root/pypi/+f/c76/315c77db06865/iniconfig-2.3.0.tar.gz", hash = "sha256:c76315c77db068650d49c5b56314774a7804df16fee4402c1f19d6d15d8c4730" }
wheels = [
    { url = "http://devpi.wrkst.home.arpa/root/pypi/+f/f63/1c04d2c48c52b/iniconfig-2.3.0-py3-none-any.whl", hash = "sha256:f631c04d2c48c52b84d0d0549c99ff3859c98df65b3101406327ecc7d53fbf12" },
]

[[package]]
name = "loguru"
version = "0.7.3"
source = { registry = "http://devpi.wrkst.home.arpa/root/dev/" }
dependencies = [
    { name = "colorama", marker = "sys_platform == 'win32'" },
    { name = "win32-setctime", marker = "sys_platform == 'win32'" },
]
sdist = { url = "http://devpi.wrkst.home.arpa/root/pypi/+f/194/80589e77d47b8/loguru-0.7.3.tar.gz", hash = "sha256:19480589e77d47b8d85b2c827ad95d49bf31b0dcde16593892eb51dd18706eb6" }
wheels = [
    { url = "http://devpi.wrkst.home.arpa/root/pypi/+f/31a/33c10c8e1e104/loguru-0.7.3-py3-none-any.whl", hash = "sha256:31a33c10c8e1e10422bfd431aeb5d351c7cf7fa671e3c4df004162264b28220c" },
]

[[package]]
name = "nodeenv"
version = "1.9.1"
source = { registry = "http://devpi.wrkst.home.arpa/root/dev/" }
sdist = { url = "http://devpi.wrkst.home.arpa/root/pypi/+f/6ec/12890a2dab794/nodeenv-1.9.1.tar.gz", hash = "sha256:6ec12890a2dab7946721edbfbcd91f3319c6ccc9aec47be7c7e6b7011ee6645f" }
wheels = [
    { url = "http://devpi.wrkst.home.arpa/root/pypi/+f/ba1/1c9782d29c27c/nodeenv-1.9.1-py2.py3-none-any.whl", hash = "sha256:ba11c9782d29c27c70ffbdda2d7415098754709be8a7056d79a737cd901155c9" },
]

[[package]]
name = "packaging"
version = "25.0"
source = { registry = "http://devpi.wrkst.home.arpa/root/dev/" }
sdist = { url = "http://devpi.wrkst.home.arpa/root/pypi/+f/d44/3872c98d677bf/packaging-25.0.tar.gz", hash = "sha256:d443872c98d677bf60f6a1f2f8c1cb748e8fe762d2bf9d3148b5599295b0fc4f" }
wheels = [
    { url = "http://devpi.wrkst.home.arpa/root/pypi/+f/295/72ef2b1f17581/packaging-25.0-py3-none-any.whl", hash = "sha256:29572ef2b1f17581046b3a2227d5c611fb25ec70ca1ba8554b24b0e69331a484" },
]

[[package]]
name = "platformdirs"
version = "4.5.0"
source = { registry = "http://devpi.wrkst.home.arpa/root/dev/" }
sdist = { url = "http://devpi.wrkst.home.arpa/root/pypi/+f/70d/dccdd7c99fc59/platformdirs-4.5.0.tar.gz", hash = "sha256:70ddccdd7c99fc5942e9fc25636a8b34d04c24b335100223152c2803e4063312" }
wheels = [
    { url = "http://devpi.wrkst.home.arpa/root/pypi/+f/e57/8a81bb873cbb8/platformdirs-4.5.0-py3-none-any.whl", hash = "sha256:e578a81bb873cbb89a41fcc904c7ef523cc18284b7e3b3ccf06aca1403b7ebd3" },
]

[[package]]
name = "pluggy"
version = "1.6.0"
source = { registry = "http://devpi.wrkst.home.arpa/root/dev/" }
sdist = { url = "http://devpi.wrkst.home.arpa/root/pypi/+f/7dc/c130b76258d33/pluggy-1.6.0.tar.gz", hash = "sha256:7dcc130b76258d33b90f61b658791dede3486c3e6bfb003ee5c9bfb396dd22f3" }
wheels = [
    { url = "http://devpi.wrkst.home.arpa/root/pypi/+f/e92/0276dd6813095/pluggy-1.6.0-py3-none-any.whl", hash = "sha256:e920276dd6813095e9377c0bc5566d94c932c33b27a3e3945d8389c374dd4746" },
]

[[package]]
name = "pre-commit"
version = "4.4.0"
source = { registry = "http://devpi.wrkst.home.arpa/root/dev/" }
dependencies = [
    { name = "cfgv" },
    { name = "identify" },
    { name = "nodeenv" },
    { name = "pyyaml" },
    { name = "virtualenv" },
]
sdist = { url = "http://devpi.wrkst.home.arpa/root/pypi/+f/f02/33ebab440e9f1/pre_commit-4.4.0.tar.gz", hash = "sha256:f0233ebab440e9f17cabbb558706eb173d19ace965c68cdce2c081042b4fab15" }
wheels = [
    { url = "http://devpi.wrkst.home.arpa/root/pypi/+f/b35/ea52957cbf83d/pre_commit-4.4.0-py2.py3-none-any.whl", hash = "sha256:b35ea52957cbf83dcc5d8ee636cbead8624e3a15fbfa61a370e42158ac8a5813" },
]

[[package]]
name = "py-template-engine"
version = "0.2.6"
source = { registry = "http://devpi.wrkst.home.arpa/root/dev/" }
sdist = { url = "http://devpi.wrkst.home.arpa/root/pypi/+f/510/4255123e2076f/py_template_engine-0.2.6.tar.gz", hash = "sha256:5104255123e2076f62c8ce3115ee0db4743577c1c5804549f25efb239aef5422" }
wheels = [
    { url = "http://devpi.wrkst.home.arpa/root/pypi/+f/b24/1e4ef64137157/py_template_engine-0.2.6-py3-none-any.whl", hash = "sha256:b241e4ef64137157b762500e9fff537b0bef24e59537e5d287cc7c2e9fce038e" },
]

[[package]]
name = "pydantic"
version = "2.12.4"
source = { registry = "http://devpi.wrkst.home.arpa/root/dev/" }
dependencies = [
    { name = "annotated-types" },
    { name = "pydantic-core" },
    { name = "typing-extensions" },
    { name = "typing-inspection" },
]
sdist = { url = "http://devpi.wrkst.home.arpa/root/pypi/+f/0f8/cb9555000a4b5/pydantic-2.12.4.tar.gz", hash = "sha256:0f8cb9555000a4b5b617f66bfd2566264c4984b27589d3b845685983e8ea85ac" }
wheels = [
    { url = "http://devpi.wrkst.home.arpa/root/pypi/+f/92d/3d202a745d46f/pydantic-2.12.4-py3-none-any.whl", hash = "sha256:92d3d202a745d46f9be6df459ac5a064fdaa3c1c4cd8adcfa332ccf3c05f871e" },
]

[[package]]
name = "pydantic-core"
version = "2.41.5"
source = { registry = "http://devpi.wrkst.home.arpa/root/dev/" }
dependencies = [
    { name = "typing-extensions" },
]
sdist = { url = "http://devpi.wrkst.home.arpa/root/pypi/+f/08d/aa51ea16ad373/pydantic_core-2.41.5.tar.gz", hash = "sha256:08daa51ea16ad373ffd5e7606252cc32f07bc72b28284b6bc9c6df804816476e" }
wheels = [
    { url = "http://devpi.wrkst.home.arpa/root/pypi/+f/941/103c9be18ac8d/pydantic_core-2.41.5-cp313-cp313-macosx_10_12_x86_64.whl", hash = "sha256:941103c9be18ac8daf7b7adca8228f8ed6bb7a1849020f643b3a14d15b1924d9" },
    { url = "http://devpi.wrkst.home.arpa/root/pypi/+f/112/e305c3314f40c/pydantic_core-2.41.5-cp313-cp313-macosx_11_0_arm64.whl", hash = "sha256:112e305c3314f40c93998e567879e887a3160bb8689ef3d2c04b6cc62c33ac34" },
    { url = "http://devpi.wrkst.home.arpa/root/pypi/+f/0cb/aad15cb0c90aa/pydantic_core-2.41.5-cp313-cp313-manylinux_2_17_aarch64.manylinux2014_aarch64.whl", hash = "sha256:0cbaad15cb0c90aa221d43c00e77bb33c93e8d36e0bf74760cd00e732d10a6a0" },
    { url = "http://devpi.wrkst.home.arpa/root/pypi/+f/03c/a43e12fab6023/pydantic_core-2.41.5-cp313-cp313-manylinux_2_17_armv7l.manylinux2014_armv7l.whl", hash = "sha256:03ca43e12fab6023fc79d28ca6b39b05f794ad08ec2feccc59a339b02f2b3d33" },
    { url = "http://devpi.wrkst.home.arpa/root/pypi/+f/dc7/99088c08fa04e/pydantic_core-2.41.5-cp313-cp313-manylinux_2_17_ppc64le.manylinux2014_ppc64le.whl", hash = "sha256:dc799088c08fa04e43144b164feb0c13f9a0bc40503f8df3e9fde58a3c0c101e" },
    { url = "http://devpi.wrkst.home.arpa/root/pypi/+f/97a/eba56665b4c32/pydantic_core-2.41.5-cp313-cp313-manylinux_2_17_s390x.manylinux2014_s390x.whl", hash = "sha256:97aeba56665b4c3235a0e52b2c2f5ae9cd071b8a8310ad27bddb3f7fb30e9aa2" },
    { url = "http://devpi.wrkst.home.arpa/root/pypi/+f/406/bf18d345822d6/pydantic_core-2.41.5-cp313-cp313-manylinux_2_17_x86_64.manylinux2014_x86_64.whl", hash = "sha256:406bf18d345822d6c21366031003612b9c77b3e29ffdb0f612367352aab7d586" },
    { url = "http://devpi.wrkst.home.arpa/root/pypi/+f/b93/590ae81f7010d/pydantic_core-2.41.5-cp313-cp313-manylinux_2_5_i686.manylinux1_i686.whl", hash = "sha256:b93590ae81f7010dbe380cdeab6f515902ebcbefe0b9327cc4804d74e93ae69d" },
    { url = "http://devpi.wrkst.home.arpa/root/pypi/+f/01a/3d0ab748ee531/pydantic_core-2.41.5-cp313-cp313-musllinux_1_1_aarch64.whl", hash = "sha256:01a3d0ab748ee531f4ea6c3e48ad9dac84ddba4b0d82291f87248f2f9de8d740" },
    { url = "http://devpi.wrkst.home.arpa/root/pypi/+f/656/1e94ba9dacc9c/pydantic_core-2.41.5-cp313-cp313-musllinux_1_1_armv7l.whl", hash = "sha256:6561e94ba9dacc9c61bce40e2d6bdc3bfaa0259d3ff36ace3b1e6901936d2e3e" },
    { url = "http://devpi.wrkst.home.arpa/root/pypi/+f/915/c3d10f81bec3a/pydantic_core-2.41.5-cp313-cp313-musllinux_1_1_x86_64.whl", hash = "sha256:915c3d10f81bec3a74fbd4faebe8391013ba61e5a1a8d48c4455b923bdda7858" },
    { url = "http://devpi.wrkst.home.arpa/root/pypi/+f/650/ae77860b45cfa/pydantic_core-2.41.5-cp313-cp313-win32.whl", hash = "sha256:650ae77860b45cfa6e2cdafc42618ceafab3a2d9a3811fcfbd3bbf8ac3c40d36" },
    { url = "http://devpi.wrkst.home.arpa/root/pypi/+f/79e/c52ec461e99e1/pydantic_core-2.41.5-cp313-cp313-win_amd64.whl", hash = "sha256:79ec52ec461e99e13791ec6508c722742ad745571f234ea6255bed38c6480f11" },
    { url = "http://devpi.wrkst.home.arpa/root/pypi/+f/3f8/4d5c1b4ab9060/pydantic_core-2.41.5-cp313-cp313-win_arm64.whl", hash = "sha256:3f84d5c1b4ab906093bdc1ff10484838aca54ef08de4afa9de0f5f14d69639cd" },
    { url = "http://devpi.wrkst.home.arpa/root/pypi/+f/3f3/7a19d7ebcdd20/pydantic_core-2.41.5-cp314-cp314-macosx_10_12_x86_64.whl", hash = "sha256:3f37a19d7ebcdd20b96485056ba9e8b304e27d9904d233d7b1015db320e51f0a" },
    { url = "http://devpi.wrkst.home.arpa/root/pypi/+f/1d1/d9764366c73f9/pydantic_core-2.41.5-cp314-cp314-macosx_11_0_arm64.whl", hash = "sha256:1d1d9764366c73f996edd17abb6d9d7649a7eb690006ab6adbda117717099b14" },
    { url = "http://devpi.wrkst.home.arpa/root/pypi/+f/25e/1c2af0fce638d/pydantic_core-2.41.5-cp314-cp314-manylinux_2_17_aarch64.manylinux2014_aarch64.whl", hash = "sha256:25e1c2af0fce638d5f1988b686f3b3ea8cd7de5f244ca147c777769e798a9cd1" },
    { url = "http://devpi.wrkst.home.arpa/root/pypi/+f/506/d766a8727beef/pydantic_core-2.41.5-cp314-cp314-manylinux_2_17_armv7l.manylinux2014_armv7l.whl", hash = "sha256:506d766a8727beef16b7adaeb8ee6217c64fc813646b424d0804d67c16eddb66" },
    { url = "http://devpi.wrkst.home.arpa/root/pypi/+f/481/9fa52133c9aa3/pydantic_core-2.41.5-cp314-cp314-manylinux_2_17_ppc64le.manylinux2014_ppc64le.whl", hash = "sha256:4819fa52133c9aa3c387b3328f25c1facc356491e6135b459f1de698ff64d869" },
    { url = "http://devpi.wrkst.home.arpa/root/pypi/+f/2b7/61d210c9ea91f/pydantic_core-2.41.5-cp314-cp314-manylinux_2_17_s390x.manylinux2014_s390x.whl", hash = "sha256:2b761d210c9ea91feda40d25b4efe82a1707da2ef62901466a42492c028553a2" },
    { url = "http://devpi.wrkst.home.arpa/root/pypi/+f/22f/0fb8c1c583a3b/pydantic_core-2.41.5-cp314-cp314-manylinux_2_17_x86_64.manylinux2014_x86_64.whl", hash = "sha256:22f0fb8c1c583a3b6f24df2470833b40207e907b90c928cc8d3594b76f874375" },
    { url = "http://devpi.wrkst.home.arpa/root/pypi/+f/278/2c870e99878c6/pydantic_core-2.41.5-cp314-cp314-manylinux_2_5_i686.manylinux1_i686.whl", hash = "sha256:2782c870e99878c634505236d81e5443092fba820f0373997ff75f90f68cd553" },
    { url = "http://devpi.wrkst.home.arpa/root/pypi/+f/017/7272f88ab8312/pydantic_core-2.41.5-cp314-cp314-musllinux_1_1_aarch64.whl", hash = "sha256:0177272f88ab8312479336e1d777f6b124537d47f2123f89cb37e0accea97f90" },
    { url = "http://devpi.wrkst.home.arpa/root/pypi/+f/635/10af5e38f8955/pydantic_core-2.41.5-cp314-cp314-musllinux_1_1_armv7l.whl", hash = "sha256:63510af5e38f8955b8ee5687740d6ebf7c2a0886d15a6d65c32814613681bc07" },
    { url = "http://devpi.wrkst.home.arpa/root/pypi/+f/e56/ba91f47764cc1/pydantic_core-2.41.5-cp314-cp314-musllinux_1_1_x86_64.whl", hash = "sha256:e56ba91f47764cc14f1daacd723e3e82d1a89d783f0f5afe9c364b8bb491ccdb" },
    { url = "http://devpi.wrkst.home.arpa/root/pypi/+f/aec/5cf2fd867b4ff/pydantic_core-2.41.5-cp314-cp314-win32.whl", hash = "sha256:aec5cf2fd867b4ff45b9959f8b20ea3993fc93e63c7363fe6851424c8a7e7c23" },
    { url = "http://devpi.wrkst.home.arpa/root/pypi/+f/8e7/c86f27c585ef3/pydantic_core-2.41.5-cp314-cp314-win_amd64.whl", hash = "sha256:8e7c86f27c585ef37c35e56a96363ab8de4e549a95512445b85c96d3e2f7c1bf" },
    { url = "http://devpi.wrkst.home.arpa/root/pypi/+f/e67/2ba74fbc2dc8e/pydantic_core-2.41.5-cp314-cp314-win_arm64.whl", hash = "sha256:e672ba74fbc2dc8eea59fb6d4aed6845e6905fc2a8afe93175d94a83ba2a01a0" },
    { url = "http://devpi.wrkst.home.arpa/root/pypi/+f/856/6def80554c3fa/pydantic_core-2.41.5-cp314-cp314t-macosx_10_12_x86_64.whl", hash = "sha256:8566def80554c3faa0e65ac30ab0932b9e3a5cd7f8323764303d468e5c37595a" },
    { url = "http://devpi.wrkst.home.arpa/root/pypi/+f/b80/aa5095cd31099/pydantic_core-2.41.5-cp314-cp314t-macosx_11_0_arm64.whl", hash = "sha256:b80aa5095cd3109962a298ce14110ae16b8c1aece8b72f9dafe81cf597ad80b3" },
    { url = "http://devpi.wrkst.home.arpa/root/pypi/+f/300/6c3dd9ba34b0c/pydantic_core-2.41.5-cp314-cp314t-manylinux_2_17_aarch64.manylinux2014_aarch64.whl", hash = "sha256:3006c3dd9ba34b0c094c544c6006cc79e87d8612999f1a5d43b769b89181f23c" },
    { url = "http://devpi.wrkst.home.arpa/root/pypi/+f/72f/6c8b11857a856/pydantic_core-2.41.5-cp314-cp314t-manylinux_2_17_armv7l.manylinux2014_armv7l.whl", hash = "sha256:72f6c8b11857a856bcfa48c86f5368439f74453563f951e473514579d44aa612" },
    { url = "http://devpi.wrkst.home.arpa/root/pypi/+f/5cb/1b2f9742240e4/pydantic_core-2.41.5-cp314-cp314t-manylinux_2_17_ppc64le.manylinux2014_ppc64le.whl", hash = "sha256:5cb1b2f9742240e4bb26b652a5aeb840aa4b417c7748b6f8387927bc6e45e40d" },
    { url = "http://devpi.wrkst.home.arpa/root/pypi/+f/bd3/d54f38609ff30/pydantic_core-2.41.5-cp314-cp314t-manylinux_2_17_s390x.manylinux2014_s390x.whl", hash = "sha256:bd3d54f38609ff308209bd43acea66061494157703364ae40c951f83ba99a1a9" },
    { url = "http://devpi.wrkst.home.arpa/root/pypi/+f/2ff/4321e56e879ee/pydantic_core-2.41.5-cp314-cp314t-manylinux_2_17_x86_64.manylinux2014_x86_64.whl", hash = "sha256:2ff4321e56e879ee8d2a879501c8e469414d948f4aba74a2d4593184eb326660" },
    { url = "http://devpi.wrkst.home.arpa/root/pypi/+f/d0d/2568a8c11bf82/pydantic_core-2.41.5-cp314-cp314t-manylinux_2_5_i686.manylinux1_i686.whl", hash = "sha256:d0d2568a8c11bf8225044aa94409e21da0cb09dcdafe9ecd10250b2baad531a9" },
    { url = "http://devpi.wrkst.home.arpa/root/pypi/+f/a39/455728aabd58c/pydantic_core-2.41.5-cp314-cp314t-musllinux_1_1_aarch64.whl", hash = "sha256:a39455728aabd58ceabb03c90e12f71fd30fa69615760a075b9fec596456ccc3" },
    { url = "http://devpi.wrkst.home.arpa/root/pypi/+f/239/edca560d05757/pydantic_core-2.41.5-cp314-cp314t-musllinux_1_1_armv7l.whl", hash = "sha256:239edca560d05757817c13dc17c50766136d21f7cd0fac50295499ae24f90fdf" },
    { url = "http://devpi.wrkst.home.arpa/root/pypi/+f/2a5/e06546e19f24c/pydantic_core-2.41.5-cp314-cp314t-musllinux_1_1_x86_64.whl", hash = "sha256:2a5e06546e19f24c6a96a129142a75cee553cc018ffee48a460059b1185f4470" },
    { url = "http://devpi.wrkst.home.arpa/root/pypi/+f/b4e/ceca40ac28afa/pydantic_core-2.41.5-cp314-cp314t-win32.whl", hash = "sha256:b4ececa40ac28afa90871c2cc2b9ffd2ff0bf749380fbdf57d165fd23da353aa" },
    { url = "http://devpi.wrkst.home.arpa/root/pypi/+f/80a/a89cad80b32a9/pydantic_core-2.41.5-cp314-cp314t-win_amd64.whl", hash = "sha256:80aa89cad80b32a912a65332f64a4450ed00966111b6615ca6816153d3585a8c" },
    { url = "http://devpi.wrkst.home.arpa/root/pypi/+f/35b/44f37a3199f77/pydantic_core-2.41.5-cp314-cp314t-win_arm64.whl", hash = "sha256:35b44f37a3199f771c3eaa53051bc8a70cd7b54f333531c59e29fd4db5d15008" },
]

[[package]]
name = "pydantic-settings"
version = "2.12.0"
source = { registry = "http://devpi.wrkst.home.arpa/root/dev/" }
dependencies = [
    { name = "pydantic" },
    { name = "python-dotenv" },
    { name = "typing-inspection" },
]
sdist = { url = "http://devpi.wrkst.home.arpa/root/pypi/+f/005/538ef951e3c2a/pydantic_settings-2.12.0.tar.gz", hash = "sha256:005538ef951e3c2a68e1c08b292b5f2e71490def8589d4221b95dab00dafcfd0" }
wheels = [
    { url = "http://devpi.wrkst.home.arpa/root/pypi/+f/fdd/b9fd99a5b18da/pydantic_settings-2.12.0-py3-none-any.whl", hash = "sha256:fddb9fd99a5b18da837b29710391e945b1e30c135477f484084ee513adb93809" },
]

[[package]]
name = "pygments"
version = "2.19.2"
source = { registry = "http://devpi.wrkst.home.arpa/root/dev/" }
sdist = { url = "http://devpi.wrkst.home.arpa/root/pypi/+f/636/cb2477cec7f89/pygments-2.19.2.tar.gz", hash = "sha256:636cb2477cec7f8952536970bc533bc43743542f70392ae026374600add5b887" }
wheels = [
    { url = "http://devpi.wrkst.home.arpa/root/pypi/+f/865/40386c03d588b/pygments-2.19.2-py3-none-any.whl", hash = "sha256:86540386c03d588bb81d44bc3928634ff26449851e99741617ecb9037ee5ec0b" },
]

[[package]]
name = "pytest"
version = "9.0.1"
source = { registry = "http://devpi.wrkst.home.arpa/root/dev/" }
dependencies = [
    { name = "colorama", marker = "sys_platform == 'win32'" },
    { name = "iniconfig" },
    { name = "packaging" },
    { name = "pluggy" },
    { name = "pygments" },
]
sdist = { url = "http://devpi.wrkst.home.arpa/root/pypi/+f/3e9/c069ea73583e2/pytest-9.0.1.tar.gz", hash = "sha256:3e9c069ea73583e255c3b21cf46b8d3c56f6e3a1a8f6da94ccb0fcf57b9d73c8" }
wheels = [
    { url = "http://devpi.wrkst.home.arpa/root/pypi/+f/67b/e0030d194df2d/pytest-9.0.1-py3-none-any.whl", hash = "sha256:67be0030d194df2dfa7b556f2e56fb3c3315bd5c8822c6951162b92b32ce7dad" },
]

[[package]]
name = "pytest-asyncio"
version = "1.3.0"
source = { registry = "http://devpi.wrkst.home.arpa/root/dev/" }
dependencies = [
    { name = "pytest" },
]
sdist = { url = "http://devpi.wrkst.home.arpa/root/pypi/+f/d7f/52f36d231b80e/pytest_asyncio-1.3.0.tar.gz", hash = "sha256:d7f52f36d231b80ee124cd216ffb19369aa168fc10095013c6b014a34d3ee9e5" }
wheels = [
    { url = "http://devpi.wrkst.home.arpa/root/pypi/+f/611/e26147c7f7764/pytest_asyncio-1.3.0-py3-none-any.whl", hash = "sha256:611e26147c7f77640e6d0a92a38ed17c3e9848063698d5c93d5aa7aa11cebff5" },
]

[[package]]
name = "python-dotenv"
version = "1.2.1"
source = { registry = "http://devpi.wrkst.home.arpa/root/dev/" }
sdist = { url = "http://devpi.wrkst.home.arpa/root/pypi/+f/426/67e897e16ab0d/python_dotenv-1.2.1.tar.gz", hash = "sha256:42667e897e16ab0d66954af0e60a9caa94f0fd4ecf3aaf6d2d260eec1aa36ad6" }
wheels = [
    { url = "http://devpi.wrkst.home.arpa/root/pypi/+f/b81/ee9561e9ca400/python_dotenv-1.2.1-py3-none-any.whl", hash = "sha256:b81ee9561e9ca4004139c6cbba3a238c32b03e4894671e181b671e8cb8425d61" },
]

[[package]]
name = "pyyaml"
version = "6.0.3"
source = { registry = "http://devpi.wrkst.home.arpa/root/dev/" }
sdist = { url = "http://devpi.wrkst.home.arpa/root/pypi/+f/d76/623373421df22/pyyaml-6.0.3.tar.gz", hash = "sha256:d76623373421df22fb4cf8817020cbb7ef15c725b9d5e45f17e189bfc384190f" }
wheels = [
    { url = "http://devpi.wrkst.home.arpa/root/pypi/+f/8da/9669d359f02c0/pyyaml-6.0.3-cp313-cp313-macosx_10_13_x86_64.whl", hash = "sha256:8da9669d359f02c0b91ccc01cac4a67f16afec0dac22c2ad09f46bee0697eba8" },
    { url = "http://devpi.wrkst.home.arpa/root/pypi/+f/228/3a07e2c21a2aa/pyyaml-6.0.3-cp313-cp313-macosx_11_0_arm64.whl", hash = "sha256:2283a07e2c21a2aa78d9c4442724ec1eb15f5e42a723b99cb3d822d48f5f7ad1" },
    { url = "http://devpi.wrkst.home.arpa/root/pypi/+f/ee2/922902c45ae8c/pyyaml-6.0.3-cp313-cp313-manylinux2014_aarch64.manylinux_2_17_aarch64.manylinux_2_28_aarch64.whl", hash = "sha256:ee2922902c45ae8ccada2c5b501ab86c36525b883eff4255313a253a3160861c" },
    { url = "http://devpi.wrkst.home.arpa/root/pypi/+f/a33/284e20b78bd4a/pyyaml-6.0.3-cp313-cp313-manylinux2014_s390x.manylinux_2_17_s390x.manylinux_2_28_s390x.whl", hash = "sha256:a33284e20b78bd4a18c8c2282d549d10bc8408a2a7ff57653c0cf0b9be0afce5" },
    { url = "http://devpi.wrkst.home.arpa/root/pypi/+f/0f2/9edc409a63924/pyyaml-6.0.3-cp313-cp313-manylinux2014_x86_64.manylinux_2_17_x86_64.manylinux_2_28_x86_64.whl", hash = "sha256:0f29edc409a6392443abf94b9cf89ce99889a1dd5376d94316ae5145dfedd5d6" },
    { url = "http://devpi.wrkst.home.arpa/root/pypi/+f/f70/57c9a337546ed/pyyaml-6.0.3-cp313-cp313-musllinux_1_2_aarch64.whl", hash = "sha256:f7057c9a337546edc7973c0d3ba84ddcdf0daa14533c2065749c9075001090e6" },
    { url = "http://devpi.wrkst.home.arpa/root/pypi/+f/eda/16858a3cab07b/pyyaml-6.0.3-cp313-cp313-musllinux_1_2_x86_64.whl", hash = "sha256:eda16858a3cab07b80edaf74336ece1f986ba330fdb8ee0d6c0d68fe82bc96be" },
    { url = "http://devpi.wrkst.home.arpa/root/pypi/+f/d0e/ae10f8159e8fd/pyyaml-6.0.3-cp313-cp313-win32.whl", hash = "sha256:d0eae10f8159e8fdad514efdc92d74fd8d682c933a6dd088030f3834bc8e6b26" },
    { url = "http://devpi.wrkst.home.arpa/root/pypi/+f/790/05a0d97d5ddab/pyyaml-6.0.3-cp313-cp313-win_amd64.whl", hash = "sha256:79005a0d97d5ddabfeeea4cf676af11e647e41d81c9a7722a193022accdb6b7c" },
    { url = "http://devpi.wrkst.home.arpa/root/pypi/+f/549/8cd1645aa724a/pyyaml-6.0.3-cp313-cp313-win_arm64.whl", hash = "sha256:5498cd1645aa724a7c71c8f378eb29ebe23da2fc0d7a08071d89469bf1d2defb" },
    { url = "http://devpi.wrkst.home.arpa/root/pypi/+f/8d1/fab6bb153a416/pyyaml-6.0.3-cp314-cp314-macosx_10_13_x86_64.whl", hash = "sha256:8d1fab6bb153a416f9aeb4b8763bc0f22a5586065f86f7664fc23339fc1c1fac" },
    { url = "http://devpi.wrkst.home.arpa/root/pypi/+f/34d/5fcd24b8445fa/pyyaml-6.0.3-cp314-cp314-macosx_11_0_arm64.whl", hash = "sha256:34d5fcd24b8445fadc33f9cf348c1047101756fd760b4dacb5c3e99755703310" },
    { url = "http://devpi.wrkst.home.arpa/root/pypi/+f/501/a031947e3a902/pyyaml-6.0.3-cp314-cp314-manylinux2014_aarch64.manylinux_2_17_aarch64.manylinux_2_28_aarch64.whl", hash = "sha256:501a031947e3a9025ed4405a168e6ef5ae3126c59f90ce0cd6f2bfc477be31b7" },
    { url = "http://devpi.wrkst.home.arpa/root/pypi/+f/b3b/c83488de33889/pyyaml-6.0.3-cp314-cp314-manylinux2014_s390x.manylinux_2_17_s390x.manylinux_2_28_s390x.whl", hash = "sha256:b3bc83488de33889877a0f2543ade9f70c67d66d9ebb4ac959502e12de895788" },
    { url = "http://devpi.wrkst.home.arpa/root/pypi/+f/c45/8b6d084f9b935/pyyaml-6.0.3-cp314-cp314-manylinux2014_x86_64.manylinux_2_17_x86_64.manylinux_2_28_x86_64.whl", hash = "sha256:c458b6d084f9b935061bc36216e8a69a7e293a2f1e68bf956dcd9e6cbcd143f5" },
    { url = "http://devpi.wrkst.home.arpa/root/pypi/+f/7c6/610def4f16354/pyyaml-6.0.3-cp314-cp314-musllinux_1_2_aarch64.whl", hash = "sha256:7c6610def4f163542a622a73fb39f534f8c101d690126992300bf3207eab9764" },
    { url = "http://devpi.wrkst.home.arpa/root/pypi/+f/519/0d403f121660c/pyyaml-6.0.3-cp314-cp314-musllinux_1_2_x86_64.whl", hash = "sha256:5190d403f121660ce8d1d2c1bb2ef1bd05b5f68533fc5c2ea899bd15f4399b35" },
    { url = "http://devpi.wrkst.home.arpa/root/pypi/+f/4a2/e8cebe2ff6ab7/pyyaml-6.0.3-cp314-cp314-win_amd64.whl", hash = "sha256:4a2e8cebe2ff6ab7d1050ecd59c25d4c8bd7e6f400f5f82b96557ac0abafd0ac" },
    { url = "http://devpi.wrkst.home.arpa/root/pypi/+f/93d/da82c9c22deb0/pyyaml-6.0.3-cp314-cp314-win_arm64.whl", hash = "sha256:93dda82c9c22deb0a405ea4dc5f2d0cda384168e466364dec6255b293923b2f3" },
    { url = "http://devpi.wrkst.home.arpa/root/pypi/+f/028/93d100e99e03e/pyyaml-6.0.3-cp314-cp314t-macosx_10_13_x86_64.whl", hash = "sha256:02893d100e99e03eda1c8fd5c441d8c60103fd175728e23e431db1b589cf5ab3" },
    { url = "http://devpi.wrkst.home.arpa/root/pypi/+f/c1f/f362665ae5072/pyyaml-6.0.3-cp314-cp314t-macosx_11_0_arm64.whl", hash = "sha256:c1ff362665ae507275af2853520967820d9124984e0f7466736aea23d8611fba" },
    { url = "http://devpi.wrkst.home.arpa/root/pypi/+f/6ad/c77889b628398/pyyaml-6.0.3-cp314-cp314t-manylinux2014_aarch64.manylinux_2_17_aarch64.manylinux_2_28_aarch64.whl", hash = "sha256:6adc77889b628398debc7b65c073bcb99c4a0237b248cacaf3fe8a557563ef6c" },
    { url = "http://devpi.wrkst.home.arpa/root/pypi/+f/a80/cb027f6b34984/pyyaml-6.0.3-cp314-cp314t-manylinux2014_s390x.manylinux_2_17_s390x.manylinux_2_28_s390x.whl", hash = "sha256:a80cb027f6b349846a3bf6d73b5e95e782175e52f22108cfa17876aaeff93702" },
    { url = "http://devpi.wrkst.home.arpa/root/pypi/+f/00c/4bdeba853cc34/pyyaml-6.0.3-cp314-cp314t-manylinux2014_x86_64.manylinux_2_17_x86_64.manylinux_2_28_x86_64.whl", hash = "sha256:00c4bdeba853cc34e7dd471f16b4114f4162dc03e6b7afcc2128711f0eca823c" },
    { url = "http://devpi.wrkst.home.arpa/root/pypi/+f/66e/1674c3ef6f541/pyyaml-6.0.3-cp314-cp314t-musllinux_1_2_aarch64.whl", hash = "sha256:66e1674c3ef6f541c35191caae2d429b967b99e02040f5ba928632d9a7f0f065" },
    { url = "http://devpi.wrkst.home.arpa/root/pypi/+f/162/49ee61e95f858/pyyaml-6.0.3-cp314-cp314t-musllinux_1_2_x86_64.whl", hash = "sha256:16249ee61e95f858e83976573de0f5b2893b3677ba71c9dd36b9cf8be9ac6d65" },
    { url = "http://devpi.wrkst.home.arpa/root/pypi/+f/4ad/1906908f2f5ae/pyyaml-6.0.3-cp314-cp314t-win_amd64.whl", hash = "sha256:4ad1906908f2f5ae4e5a8ddfce73c320c2a1429ec52eafd27138b7f1cbe341c9" },
    { url = "http://devpi.wrkst.home.arpa/root/pypi/+f/ebc/55a14a21cb140/pyyaml-6.0.3-cp314-cp314t-win_arm64.whl", hash = "sha256:ebc55a14a21cb14062aa4162f906cd962b28e2e9ea38f9b4391244cd8de4ae0b" },
]

[[package]]
name = "ruff"
version = "0.14.5"
source = { registry = "http://devpi.wrkst.home.arpa/root/dev/" }
sdist = { url = "http://devpi.wrkst.home.arpa/root/pypi/+f/8d3/b48d7d8aad423/ruff-0.14.5.tar.gz", hash = "sha256:8d3b48d7d8aad423d3137af7ab6c8b1e38e4de104800f0d596990f6ada1a9fc1" }
wheels = [
    { url = "http://devpi.wrkst.home.arpa/root/pypi/+f/f3b/8248123b586de/ruff-0.14.5-py3-none-linux_armv6l.whl", hash = "sha256:f3b8248123b586de44a8018bcc9fefe31d23dda57a34e6f0e1e53bd51fd63594" },
    { url = "http://devpi.wrkst.home.arpa/root/pypi/+f/f7a/75236570318c7/ruff-0.14.5-py3-none-macosx_10_12_x86_64.whl", hash = "sha256:f7a75236570318c7a30edd7f5491945f0169de738d945ca8784500b517163a72" },
    { url = "http://devpi.wrkst.home.arpa/root/pypi/+f/6d1/46132d1ee115f/ruff-0.14.5-py3-none-macosx_11_0_arm64.whl", hash = "sha256:6d146132d1ee115f8802356a2dc9a634dbf58184c51bff21f313e8cd1c74899a" },
    { url = "http://devpi.wrkst.home.arpa/root/pypi/+f/e23/80596653dcd20/ruff-0.14.5-py3-none-manylinux_2_17_aarch64.manylinux2014_aarch64.whl", hash = "sha256:e2380596653dcd20b057794d55681571a257a42327da8894b93bbd6111aa801f" },
    { url = "http://devpi.wrkst.home.arpa/root/pypi/+f/2d1/fa985a42b1f07/ruff-0.14.5-py3-none-manylinux_2_17_armv7l.manylinux2014_armv7l.whl", hash = "sha256:2d1fa985a42b1f075a098fa1ab9d472b712bdb17ad87a8ec86e45e7fa6273e68" },
    { url = "http://devpi.wrkst.home.arpa/root/pypi/+f/88f/0770d42b7fa02/ruff-0.14.5-py3-none-manylinux_2_17_i686.manylinux2014_i686.whl", hash = "sha256:88f0770d42b7fa02bbefddde15d235ca3aa24e2f0137388cc15b2dcbb1f7c7a7" },
    { url = "http://devpi.wrkst.home.arpa/root/pypi/+f/367/6cb02b9061fee/ruff-0.14.5-py3-none-manylinux_2_17_ppc64.manylinux2014_ppc64.whl", hash = "sha256:3676cb02b9061fee7294661071c4709fa21419ea9176087cb77e64410926eb78" },
    { url = "http://devpi.wrkst.home.arpa/root/pypi/+f/b59/5bedf6bc9cab6/ruff-0.14.5-py3-none-manylinux_2_17_ppc64le.manylinux2014_ppc64le.whl", hash = "sha256:b595bedf6bc9cab647c4a173a61acf4f1ac5f2b545203ba82f30fcb10b0318fb" },
    { url = "http://devpi.wrkst.home.arpa/root/pypi/+f/f55/382725ad0bdb2/ruff-0.14.5-py3-none-manylinux_2_17_s390x.manylinux2014_s390x.whl", hash = "sha256:f55382725ad0bdb2e8ee2babcbbfb16f124f5a59496a2f6a46f1d9d99d93e6e2" },
    { url = "http://devpi.wrkst.home.arpa/root/pypi/+f/749/7d19dce23976b/ruff-0.14.5-py3-none-manylinux_2_17_x86_64.manylinux2014_x86_64.whl", hash = "sha256:7497d19dce23976bdaca24345ae131a1d38dcfe1b0850ad8e9e6e4fa321a6e19" },
    { url = "http://devpi.wrkst.home.arpa/root/pypi/+f/410/e781f1122d6be/ruff-0.14.5-py3-none-manylinux_2_31_riscv64.whl", hash = "sha256:410e781f1122d6be4f446981dd479470af86537fb0b8857f27a6e872f65a38e4" },
    { url = "http://devpi.wrkst.home.arpa/root/pypi/+f/c01/be527ef4c91a6/ruff-0.14.5-py3-none-musllinux_1_2_aarch64.whl", hash = "sha256:c01be527ef4c91a6d55e53b337bfe2c0f82af024cc1a33c44792d6844e2331e1" },
    { url = "http://devpi.wrkst.home.arpa/root/pypi/+f/f66/e9bb762e68d66/ruff-0.14.5-py3-none-musllinux_1_2_armv7l.whl", hash = "sha256:f66e9bb762e68d66e48550b59c74314168ebb46199886c5c5aa0b0fbcc81b151" },
    { url = "http://devpi.wrkst.home.arpa/root/pypi/+f/d93/be8f1fa010223/ruff-0.14.5-py3-none-musllinux_1_2_i686.whl", hash = "sha256:d93be8f1fa01022337f1f8f3bcaa7ffee2d0b03f00922c45c2207954f351f465" },
    { url = "http://devpi.wrkst.home.arpa/root/pypi/+f/c13/5d4b681f7401f/ruff-0.14.5-py3-none-musllinux_1_2_x86_64.whl", hash = "sha256:c135d4b681f7401fe0e7312017e41aba9b3160861105726b76cfa14bc25aa367" },
    { url = "http://devpi.wrkst.home.arpa/root/pypi/+f/c83/642e6fccfb6de/ruff-0.14.5-py3-none-win32.whl", hash = "sha256:c83642e6fccfb6dea8b785eb9f456800dcd6a63f362238af5fc0c83d027dd08b" },
    { url = "http://devpi.wrkst.home.arpa/root/pypi/+f/9d5/5d7af7166f143/ruff-0.14.5-py3-none-win_amd64.whl", hash = "sha256:9d55d7af7166f143c94eae1db3312f9ea8f95a4defef1979ed516dbb38c27621" },
    { url = "http://devpi.wrkst.home.arpa/root/pypi/+f/4b7/00459d4649e25/ruff-0.14.5-py3-none-win_arm64.whl", hash = "sha256:4b700459d4649e2594b31f20a9de33bc7c19976d4746d8d0798ad959621d64a4" },
]

[[package]]
name = "sniffio"
version = "1.3.1"
source = { registry = "http://devpi.wrkst.home.arpa/root/dev/" }
sdist = { url = "http://devpi.wrkst.home.arpa/root/pypi/+f/f43/24edc670a0f49/sniffio-1.3.1.tar.gz", hash = "sha256:f4324edc670a0f49750a81b895f35c3adb843cca46f0530f79fc1babb23789dc" }
wheels = [
    { url = "http://devpi.wrkst.home.arpa/root/pypi/+f/2f6/da418d1f1e0fd/sniffio-1.3.1-py3-none-any.whl", hash = "sha256:2f6da418d1f1e0fddd844478f41680e794e6051915791a034ff65e5f100525a2" },
]

[[package]]
name = "typing-extensions"
version = "4.15.0"
source = { registry = "http://devpi.wrkst.home.arpa/root/dev/" }
sdist = { url = "http://devpi.wrkst.home.arpa/root/pypi/+f/0ce/a48d173cc12fa/typing_extensions-4.15.0.tar.gz", hash = "sha256:0cea48d173cc12fa28ecabc3b837ea3cf6f38c6d1136f85cbaaf598984861466" }
wheels = [
    { url = "http://devpi.wrkst.home.arpa/root/pypi/+f/f0f/a19c6845758ab/typing_extensions-4.15.0-py3-none-any.whl", hash = "sha256:f0fa19c6845758ab08074a0cfa8b7aecb71c999ca73d62883bc25cc018c4e548" },
]

[[package]]
name = "typing-inspection"
version = "0.4.2"
source = { registry = "http://devpi.wrkst.home.arpa/root/dev/" }
dependencies = [
    { name = "typing-extensions" },
]
sdist = { url = "http://devpi.wrkst.home.arpa/root/pypi/+f/ba5/61c48a67c5958/typing_inspection-0.4.2.tar.gz", hash = "sha256:ba561c48a67c5958007083d386c3295464928b01faa735ab8547c5692e87f464" }
wheels = [
    { url = "http://devpi.wrkst.home.arpa/root/pypi/+f/4ed/1cacbdc298c22/typing_inspection-0.4.2-py3-none-any.whl", hash = "sha256:4ed1cacbdc298c220f1bd249ed5287caa16f34d44ef4e9c3d0cbad5b521545e7" },
]

[[package]]
name = "virtualenv"
version = "20.35.4"
source = { registry = "http://devpi.wrkst.home.arpa/root/dev/" }
dependencies = [
    { name = "distlib" },
    { name = "filelock" },
    { name = "platformdirs" },
]
sdist = { url = "http://devpi.wrkst.home.arpa/root/pypi/+f/643/d3914d73d3eeb/virtualenv-20.35.4.tar.gz", hash = "sha256:643d3914d73d3eeb0c552cbb12d7e82adf0e504dbf86a3182f8771a153a1971c" }
wheels = [
    { url = "http://devpi.wrkst.home.arpa/root/pypi/+f/c21/c9cede36c9753/virtualenv-20.35.4-py3-none-any.whl", hash = "sha256:c21c9cede36c9753eeade68ba7d523529f228a403463376cf821eaae2b650f1b" },
]

[[package]]
name = "win32-setctime"
version = "1.2.0"
source = { registry = "http://devpi.wrkst.home.arpa/root/dev/" }
sdist = { url = "http://devpi.wrkst.home.arpa/root/pypi/+f/ae1/fdf948f5640aa/win32_setctime-1.2.0.tar.gz", hash = "sha256:ae1fdf948f5640aae05c511ade119313fb6a30d7eabe25fef9764dca5873c4c0" }
wheels = [
    { url = "http://devpi.wrkst.home.arpa/root/pypi/+f/95d/644c4e708aba8/win32_setctime-1.2.0-py3-none-any.whl", hash = "sha256:95d644c4e708aba81dc3704a116d8cbc974d70b3bdb8be1d150e36be6e9d1390" },
]
